
Microsoft Visual Studio Solution File, Format Version 12.00
# Visual Studio Version 17
VisualStudioVersion = 17.9.34622.214
MinimumVisualStudioVersion = 10.0.40219.1
Project("{FAE04EC0-301F-11D3-BF4B-00C04F79EFBC}") = "ams-desk-cs-backend", "ams-desk-cs-backend\ams-desk-cs-backend.csproj", "{7F725B9D-1BBF-42E2-87AF-C6C56285F792}"
EndProject
Global
	GlobalSection(SolutionConfigurationPlatforms) = preSolution
		Debug|Any CPU = Debug|Any CPU
		Release|Any CPU = Release|Any CPU
	EndGlobalSection
	GlobalSection(ProjectConfigurationPlatforms) = postSolution
		{7F725B9D-1BBF-42E2-87AF-C6C56285F792}.Debug|Any CPU.ActiveCfg = Debug|Any CPU
		{7F725B9D-1BBF-42E2-87AF-C6C56285F792}.Debug|Any CPU.Build.0 = Debug|Any CPU
		{7F725B9D-1BBF-42E2-87AF-C6C56285F792}.Release|Any CPU.ActiveCfg = Release|Any CPU
		{7F725B9D-1BBF-42E2-87AF-C6C56285F792}.Release|Any CPU.Build.0 = Release|Any CPU
	EndGlobalSection
	GlobalSection(SolutionProperties) = preSolution
		HideSolutionNode = FALSE
	EndGlobalSection
	GlobalSection(ExtensibilityGlobals) = postSolution
		SolutionGuid = {2B9892E7-BE55-4973-824C-F6500317EF5C}
	EndGlobalSection
EndGlobal
